
Microsoft Visual Studio Solution File, Format Version 12.00
# Visual Studio Version 16
VisualStudioVersion = 16.0.29728.190
MinimumVisualStudioVersion = 10.0.40219.1
Project("{FAE04EC0-301F-11D3-BF4B-00C04F79EFBC}") = "StorySizing", "StorySizing\StorySizing.csproj", "{F8F6F544-34E2-4B21-903D-AF34E948F086}"
EndProject
Global
	GlobalSection(SolutionConfigurationPlatforms) = preSolution
		Debug|Any CPU = Debug|Any CPU
		Release|Any CPU = Release|Any CPU
	EndGlobalSection
	GlobalSection(ProjectConfigurationPlatforms) = postSolution
		{F8F6F544-34E2-4B21-903D-AF34E948F086}.Debug|Any CPU.ActiveCfg = Debug|Any CPU
		{F8F6F544-34E2-4B21-903D-AF34E948F086}.Debug|Any CPU.Build.0 = Debug|Any CPU
		{F8F6F544-34E2-4B21-903D-AF34E948F086}.Release|Any CPU.ActiveCfg = Release|Any CPU
		{F8F6F544-34E2-4B21-903D-AF34E948F086}.Release|Any CPU.Build.0 = Release|Any CPU
	EndGlobalSection
	GlobalSection(SolutionProperties) = preSolution
		HideSolutionNode = FALSE
	EndGlobalSection
	GlobalSection(ExtensibilityGlobals) = postSolution
		SolutionGuid = {CD097740-B070-4C54-8F9C-FBE3613C8FB6}
	EndGlobalSection
EndGlobal
